
Microsoft Visual Studio Solution File, Format Version 12.00
# Visual Studio 2012
Project("{FAE04EC0-301F-11D3-BF4B-00C04F79EFBC}") = "TAM-API", "TAM-Client\TAM-API.csproj", "{368166C6-B6A3-4D5B-A762-482B77C6EF8D}"
EndProject
Global
	GlobalSection(SolutionConfigurationPlatforms) = preSolution
		Debug|Any CPU = Debug|Any CPU
		Release|Any CPU = Release|Any CPU
	EndGlobalSection
	GlobalSection(ProjectConfigurationPlatforms) = postSolution
		{368166C6-B6A3-4D5B-A762-482B77C6EF8D}.Debug|Any CPU.ActiveCfg = Debug|Any CPU
		{368166C6-B6A3-4D5B-A762-482B77C6EF8D}.Debug|Any CPU.Build.0 = Debug|Any CPU
		{368166C6-B6A3-4D5B-A762-482B77C6EF8D}.Release|Any CPU.ActiveCfg = Release|Any CPU
		{368166C6-B6A3-4D5B-A762-482B77C6EF8D}.Release|Any CPU.Build.0 = Release|Any CPU
	EndGlobalSection
	GlobalSection(SolutionProperties) = preSolution
		HideSolutionNode = FALSE
	EndGlobalSection
EndGlobal
